
Microsoft Visual Studio Solution File, Format Version 12.00
# Visual Studio 2012
Project("{FAE04EC0-301F-11D3-BF4B-00C04F79EFBC}") = "AdvancedIoCTechniques", "AdvancedIoCTechniques\AdvancedIoCTechniques.csproj", "{12EE9A62-DE94-49C9-8B7D-88CF28E1EAFC}"
EndProject
Project("{2150E333-8FDC-42A3-9474-1A3956D46DE8}") = ".nuget", ".nuget", "{8049AD18-3715-4B40-9E8A-05242D65A06A}"
	ProjectSection(SolutionItems) = preProject
		.nuget\NuGet.Config = .nuget\NuGet.Config
		.nuget\NuGet.exe = .nuget\NuGet.exe
		.nuget\NuGet.targets = .nuget\NuGet.targets
	EndProjectSection
EndProject
Global
	GlobalSection(SolutionConfigurationPlatforms) = preSolution
		Debug|Any CPU = Debug|Any CPU
		Release|Any CPU = Release|Any CPU
	EndGlobalSection
	GlobalSection(ProjectConfigurationPlatforms) = postSolution
		{12EE9A62-DE94-49C9-8B7D-88CF28E1EAFC}.Debug|Any CPU.ActiveCfg = Debug|Any CPU
		{12EE9A62-DE94-49C9-8B7D-88CF28E1EAFC}.Debug|Any CPU.Build.0 = Debug|Any CPU
		{12EE9A62-DE94-49C9-8B7D-88CF28E1EAFC}.Release|Any CPU.ActiveCfg = Release|Any CPU
		{12EE9A62-DE94-49C9-8B7D-88CF28E1EAFC}.Release|Any CPU.Build.0 = Release|Any CPU
	EndGlobalSection
	GlobalSection(SolutionProperties) = preSolution
		HideSolutionNode = FALSE
	EndGlobalSection
	GlobalSection(ExtensibilityGlobals) = postSolution
		EnterpriseLibraryConfigurationToolBinariesPath = packages\Unity.2.1.505.2\lib\NET35
	EndGlobalSection
EndGlobal
